
Microsoft Visual Studio Solution File, Format Version 12.00
# Visual Studio Version 17
VisualStudioVersion = 17.13.35825.156 d17.13
MinimumVisualStudioVersion = 10.0.40219.1
Project("{FAE04EC0-301F-11D3-BF4B-00C04F79EFBC}") = "AzureFunctionLoad", "AzureFunctionLoad\AzureFunctionLoad.csproj", "{CEEDB17A-235B-42EA-9A68-A0E7E4D8C9D0}"
EndProject
Global
	GlobalSection(SolutionConfigurationPlatforms) = preSolution
		Debug|Any CPU = Debug|Any CPU
		Release|Any CPU = Release|Any CPU
	EndGlobalSection
	GlobalSection(ProjectConfigurationPlatforms) = postSolution
		{CEEDB17A-235B-42EA-9A68-A0E7E4D8C9D0}.Debug|Any CPU.ActiveCfg = Debug|Any CPU
		{CEEDB17A-235B-42EA-9A68-A0E7E4D8C9D0}.Debug|Any CPU.Build.0 = Debug|Any CPU
		{CEEDB17A-235B-42EA-9A68-A0E7E4D8C9D0}.Release|Any CPU.ActiveCfg = Release|Any CPU
		{CEEDB17A-235B-42EA-9A68-A0E7E4D8C9D0}.Release|Any CPU.Build.0 = Release|Any CPU
	EndGlobalSection
	GlobalSection(SolutionProperties) = preSolution
		HideSolutionNode = FALSE
	EndGlobalSection
	GlobalSection(ExtensibilityGlobals) = postSolution
		SolutionGuid = {C7344935-50F8-4B12-B351-752E22CC575B}
	EndGlobalSection
EndGlobal
